# This file is automatically @generated by Cargo.
# It is not intended for manual editing.
version = 3

[[package]]
name = "sk-backup"
version = "0.1.0"

[[package]]
name = "sk-cli"
version = "0.1.0"

[[package]]
name = "sk-core"
version = "0.1.0"

[[package]]
name = "sk-engine"
version = "0.1.0"

[[package]]
name = "sk-games"
version = "0.1.0"

[[package]]
name = "sk-heuristics"
version = "0.1.0"

[[package]]
name = "sk-llm"
version = "0.1.0"

[[package]]
name = "sk-restore"
version = "0.1.0"

[[package]]
name = "sk-rules"
version = "0.1.0"

[[package]]
name = "sk-scan"
version = "0.1.0"

[[package]]
name = "sk-score"
version = "0.1.0"

[[package]]
name = "sk-system"
version = "0.1.0"

[[package]]
name = "sk-testkit"
version = "0.1.0"
